<?xml version="1.0" encoding="utf-8"?>
<Project ToolsVersion="4.0" xmlns="http://schemas.microsoft.com/developer/msbuild/2003">
  <ItemGroup>
    <ClCompile Include="..\common\source\AppContext.cpp">
      <Filter>Source Files</Filter>
    </ClCompile>
    <ClCompile Include="..\common\source\ArtMatcher.cpp">
      <Filter>Source Files</Filter>
    </ClCompile>
    <ClCompile Include="Source\CustomEdit.cpp">
      <Filter>Source Files</Filter>
    </ClCompile>
    <ClCompile Include="Source\EmptyPanelPlugin.cpp">
      <Filter>Source Files</Filter>
    </ClCompile>
    <ClCompile Include="Source\EmptyPanelPluginSuites.cpp">
      <Filter>Source Files</Filter>
    </ClCompile>
    <ClCompile Include="..\..\illustratorapi\illustrator\IAIStringFormatUtils.cpp">
      <Filter>Source Files</Filter>
    </ClCompile>
    <ClCompile Include="..\..\illustratorapi\illustrator\IAIUnicodeString.cpp">
      <Filter>Source Files</Filter>
    </ClCompile>
    <ClCompile Include="..\common\source\Main.cpp">
      <Filter>Source Files</Filter>
    </ClCompile>
    <ClCompile Include="..\common\source\Plugin.cpp">
      <Filter>Source Files</Filter>
    </ClCompile>
    <ClCompile Include="..\common\source\SDKAboutPluginsHelper.cpp">
      <Filter>Source Files</Filter>
    </ClCompile>
    <ClCompile Include="..\common\source\Suites.cpp">
      <Filter>Source Files</Filter>
    </ClCompile>
    <ClCompile Include="Source\PathIO.cpp">
      <Filter>Source Files</Filter>
    </ClCompile>
    <ClCompile Include="..\..\illustratorapi\illustrator\IAIFilePath.cpp">
      <Filter>Source Files</Filter>
    </ClCompile>
  </ItemGroup>
  <ItemGroup>
    <ClInclude Include="Source\EmptyPanelPlugin.h">
      <Filter>Header Files</Filter>
    </ClInclude>
    <ClInclude Include="Source\EmptyPanelPluginSuites.h">
      <Filter>Header Files</Filter>
    </ClInclude>
    <ClInclude Include="Source\EmptyPanelID.h">
      <Filter>Header Files</Filter>
    </ClInclude>
    <ClInclude Include="Source\CustomEdit.h">
      <Filter>Header Files</Filter>
    </ClInclude>
    <ClInclude Include="Source\ABox.h">
      <Filter>Header Files</Filter>
    </ClInclude>
    <ClInclude Include="Source\ALine.h">
      <Filter>Header Files</Filter>
    </ClInclude>
    <ClInclude Include="Source\APath.h">
      <Filter>Header Files</Filter>
    </ClInclude>
    <ClInclude Include="Source\ATriangle.h">
      <Filter>Header Files</Filter>
    </ClInclude>
    <ClInclude Include="Source\AVector.h">
      <Filter>Header Files</Filter>
    </ClInclude>
    <ClInclude Include="Source\PathIO.h">
      <Filter>Header Files</Filter>
    </ClInclude>
    <ClInclude Include="Source\ARegion.h">
      <Filter>Header Files</Filter>
    </ClInclude>
    <ClInclude Include="Source\MyColor.h">
      <Filter>Header Files</Filter>
    </ClInclude>
  </ItemGroup>
  <ItemGroup>
    <Filter Include="Resource Files">
      <UniqueIdentifier>{19545940-ce8e-4140-a14b-41a4e2b63a7d}</UniqueIdentifier>
    </Filter>
    <Filter Include="Header Files">
      <UniqueIdentifier>{e3bdc8a2-c510-4eac-9f7f-52e5544be38f}</UniqueIdentifier>
    </Filter>
    <Filter Include="Source Files">
      <UniqueIdentifier>{dd13a813-ae53-4761-af33-d93f0984aaaf}</UniqueIdentifier>
    </Filter>
  </ItemGroup>
  <ItemGroup>
    <ResourceCompile Include="Resource\Win\EmptyPanel.rc">
      <Filter>Resource Files</Filter>
    </ResourceCompile>
  </ItemGroup>
</Project>